
Microsoft Visual Studio Solution File, Format Version 12.00
# Visual Studio 15
VisualStudioVersion = 15.0.26730.12
MinimumVisualStudioVersion = 10.0.40219.1
Project("{FAE04EC0-301F-11D3-BF4B-00C04F79EFBC}") = "FTP_Client", "FTP_Client.csproj", "{E8744F86-0629-4A3E-AA0B-61961BC3DB5C}"
EndProject
Global
	GlobalSection(SolutionConfigurationPlatforms) = preSolution
		Debug|Any CPU = Debug|Any CPU
		Release|Any CPU = Release|Any CPU
	EndGlobalSection
	GlobalSection(ProjectConfigurationPlatforms) = postSolution
		{E8744F86-0629-4A3E-AA0B-61961BC3DB5C}.Debug|Any CPU.ActiveCfg = Debug|Any CPU
		{E8744F86-0629-4A3E-AA0B-61961BC3DB5C}.Debug|Any CPU.Build.0 = Debug|Any CPU
		{E8744F86-0629-4A3E-AA0B-61961BC3DB5C}.Release|Any CPU.ActiveCfg = Release|Any CPU
		{E8744F86-0629-4A3E-AA0B-61961BC3DB5C}.Release|Any CPU.Build.0 = Release|Any CPU
	EndGlobalSection
	GlobalSection(SolutionProperties) = preSolution
		HideSolutionNode = FALSE
	EndGlobalSection
	GlobalSection(ExtensibilityGlobals) = postSolution
		SolutionGuid = {11F5DA98-F4E0-464B-9DA5-6938BCDE83F6}
	EndGlobalSection
EndGlobal
